
Microsoft Visual Studio Solution File, Format Version 12.00
# Visual Studio 15
Project("{FAE04EC0-301F-11D3-BF4B-00C04F79EFBC}") = "V4.Android", "V4.Android\V4.Android.csproj", "{75021758-E3E5-4933-8E5C-51C416D0CCA2}"
EndProject
Project("{FAE04EC0-301F-11D3-BF4B-00C04F79EFBC}") = "V4.iOS", "V4.iOS\V4.iOS.csproj", "{4A4C8DC3-E18E-4745-993C-49AA1B001E6D}"
EndProject
Project("{FAE04EC0-301F-11D3-BF4B-00C04F79EFBC}") = "V4", "V4\V4.csproj", "{0CA05150-BA36-4758-BD87-8DDCF25E2E11}"
EndProject
Global
	GlobalSection(SolutionConfigurationPlatforms) = preSolution
		Debug|Any CPU = Debug|Any CPU
		Release|Any CPU = Release|Any CPU
		Debug|iPhoneSimulator = Debug|iPhoneSimulator
		Release|iPhoneSimulator = Release|iPhoneSimulator
		Debug|iPhone = Debug|iPhone
		Release|iPhone = Release|iPhone
	EndGlobalSection
	GlobalSection(ProjectConfigurationPlatforms) = postSolution
		{75021758-E3E5-4933-8E5C-51C416D0CCA2}.Debug|Any CPU.ActiveCfg = Debug|Any CPU
		{75021758-E3E5-4933-8E5C-51C416D0CCA2}.Debug|Any CPU.Build.0 = Debug|Any CPU
		{75021758-E3E5-4933-8E5C-51C416D0CCA2}.Release|Any CPU.ActiveCfg = Release|Any CPU
		{75021758-E3E5-4933-8E5C-51C416D0CCA2}.Release|Any CPU.Build.0 = Release|Any CPU
		{75021758-E3E5-4933-8E5C-51C416D0CCA2}.Debug|iPhoneSimulator.ActiveCfg = Debug|Any CPU
		{75021758-E3E5-4933-8E5C-51C416D0CCA2}.Debug|iPhoneSimulator.Build.0 = Debug|Any CPU
		{75021758-E3E5-4933-8E5C-51C416D0CCA2}.Release|iPhoneSimulator.ActiveCfg = Release|Any CPU
		{75021758-E3E5-4933-8E5C-51C416D0CCA2}.Release|iPhoneSimulator.Build.0 = Release|Any CPU
		{75021758-E3E5-4933-8E5C-51C416D0CCA2}.Debug|iPhone.ActiveCfg = Debug|Any CPU
		{75021758-E3E5-4933-8E5C-51C416D0CCA2}.Debug|iPhone.Build.0 = Debug|Any CPU
		{75021758-E3E5-4933-8E5C-51C416D0CCA2}.Release|iPhone.ActiveCfg = Release|Any CPU
		{75021758-E3E5-4933-8E5C-51C416D0CCA2}.Release|iPhone.Build.0 = Release|Any CPU
		{4A4C8DC3-E18E-4745-993C-49AA1B001E6D}.Debug|Any CPU.ActiveCfg = Debug|iPhoneSimulator
		{4A4C8DC3-E18E-4745-993C-49AA1B001E6D}.Debug|Any CPU.Build.0 = Debug|iPhoneSimulator
		{4A4C8DC3-E18E-4745-993C-49AA1B001E6D}.Release|Any CPU.ActiveCfg = Release|iPhoneSimulator
		{4A4C8DC3-E18E-4745-993C-49AA1B001E6D}.Release|Any CPU.Build.0 = Release|iPhoneSimulator
		{4A4C8DC3-E18E-4745-993C-49AA1B001E6D}.Debug|iPhoneSimulator.ActiveCfg = Debug|iPhoneSimulator
		{4A4C8DC3-E18E-4745-993C-49AA1B001E6D}.Debug|iPhoneSimulator.Build.0 = Debug|iPhoneSimulator
		{4A4C8DC3-E18E-4745-993C-49AA1B001E6D}.Release|iPhoneSimulator.ActiveCfg = Release|iPhoneSimulator
		{4A4C8DC3-E18E-4745-993C-49AA1B001E6D}.Release|iPhoneSimulator.Build.0 = Release|iPhoneSimulator
		{4A4C8DC3-E18E-4745-993C-49AA1B001E6D}.Debug|iPhone.ActiveCfg = Debug|iPhone
		{4A4C8DC3-E18E-4745-993C-49AA1B001E6D}.Debug|iPhone.Build.0 = Debug|iPhone
		{4A4C8DC3-E18E-4745-993C-49AA1B001E6D}.Release|iPhone.ActiveCfg = Release|iPhone
		{4A4C8DC3-E18E-4745-993C-49AA1B001E6D}.Release|iPhone.Build.0 = Release|iPhone
		{0CA05150-BA36-4758-BD87-8DDCF25E2E11}.Debug|Any CPU.ActiveCfg = Debug|Any CPU
		{0CA05150-BA36-4758-BD87-8DDCF25E2E11}.Debug|Any CPU.Build.0 = Debug|Any CPU
		{0CA05150-BA36-4758-BD87-8DDCF25E2E11}.Release|Any CPU.ActiveCfg = Release|Any CPU
		{0CA05150-BA36-4758-BD87-8DDCF25E2E11}.Release|Any CPU.Build.0 = Release|Any CPU
		{0CA05150-BA36-4758-BD87-8DDCF25E2E11}.Debug|iPhoneSimulator.ActiveCfg = Debug|Any CPU
		{0CA05150-BA36-4758-BD87-8DDCF25E2E11}.Debug|iPhoneSimulator.Build.0 = Debug|Any CPU
		{0CA05150-BA36-4758-BD87-8DDCF25E2E11}.Release|iPhoneSimulator.ActiveCfg = Release|Any CPU
		{0CA05150-BA36-4758-BD87-8DDCF25E2E11}.Release|iPhoneSimulator.Build.0 = Release|Any CPU
		{0CA05150-BA36-4758-BD87-8DDCF25E2E11}.Debug|iPhone.ActiveCfg = Debug|Any CPU
		{0CA05150-BA36-4758-BD87-8DDCF25E2E11}.Debug|iPhone.Build.0 = Debug|Any CPU
		{0CA05150-BA36-4758-BD87-8DDCF25E2E11}.Release|iPhone.ActiveCfg = Release|Any CPU
		{0CA05150-BA36-4758-BD87-8DDCF25E2E11}.Release|iPhone.Build.0 = Release|Any CPU
	EndGlobalSection
EndGlobal
